// !$*UTF8*$!
{
	archiveVersion = 1;
	classes = {
	};
	objectVersion = 46;
	objects = {

/* Begin PBXBuildFile section */
		D643F9DB1602D25300584783 /* UIKit.framework in Frameworks */ = {isa = PBXBuildFile; fileRef = D643F9DA1602D25300584783 /* UIKit.framework */; };
		D643F9DD1602D25300584783 /* Foundation.framework in Frameworks */ = {isa = PBXBuildFile; fileRef = D643F9DC1602D25300584783 /* Foundation.framework */; };
		D643F9DF1602D25300584783 /* CoreGraphics.framework in Frameworks */ = {isa = PBXBuildFile; fileRef = D643F9DE1602D25300584783 /* CoreGraphics.framework */; };
		D643F9E51602D25300584783 /* InfoPlist.strings in Resources */ = {isa = PBXBuildFile; fileRef = D643F9E31602D25300584783 /* InfoPlist.strings */; };
		D643F9E71602D25300584783 /* main.m in Sources */ = {isa = PBXBuildFile; fileRef = D643F9E61602D25300584783 /* main.m */; };
		D643F9EB1602D25300584783 /* AppDelegate.m in Sources */ = {isa = PBXBuildFile; fileRef = D643F9EA1602D25300584783 /* AppDelegate.m */; };
		D643F9EE1602D25300584783 /* ViewController.m in Sources */ = {isa = PBXBuildFile; fileRef = D643F9ED1602D25300584783 /* ViewController.m */; };
		D643F9F11602D25300584783 /* ViewController.xib in Resources */ = {isa = PBXBuildFile; fileRef = D643F9EF1602D25300584783 /* ViewController.xib */; };
		D643F9F91602D25300584783 /* SenTestingKit.framework in Frameworks */ = {isa = PBXBuildFile; fileRef = D643F9F81602D25300584783 /* SenTestingKit.framework */; };
		D643F9FA1602D25300584783 /* UIKit.framework in Frameworks */ = {isa = PBXBuildFile; fileRef = D643F9DA1602D25300584783 /* UIKit.framework */; };
		D643F9FB1602D25300584783 /* Foundation.framework in Frameworks */ = {isa = PBXBuildFile; fileRef = D643F9DC1602D25300584783 /* Foundation.framework */; };
		D643FA031602D25300584783 /* InfoPlist.strings in Resources */ = {isa = PBXBuildFile; fileRef = D643FA011602D25300584783 /* InfoPlist.strings */; };
		D643FA061602D25300584783 /* pickerTests.m in Sources */ = {isa = PBXBuildFile; fileRef = D643FA051602D25300584783 /* pickerTests.m */; };
/* End PBXBuildFile section */

/* Begin PBXContainerItemProxy section */
		D643F9FC1602D25300584783 /* PBXContainerItemProxy */ = {
			isa = PBXContainerItemProxy;
			containerPortal = D643F9CD1602D25300584783 /* Project object */;
			proxyType = 1;
			remoteGlobalIDString = D643F9D51602D25300584783;
			remoteInfo = picker;
		};
/* End PBXContainerItemProxy section */

/* Begin PBXFileReference section */
		D643F9D61602D25300584783 /* picker.app */ = {isa = PBXFileReference; explicitFileType = wrapper.application; includeInIndex = 0; path = picker.app; sourceTree = BUILT_PRODUCTS_DIR; };
		D643F9DA1602D25300584783 /* UIKit.framework */ = {isa = PBXFileReference; lastKnownFileType = wrapper.framework; name = UIKit.framework; path = System/Library/Frameworks/UIKit.framework; sourceTree = SDKROOT; };
		D643F9DC1602D25300584783 /* Foundation.framework */ = {isa = PBXFileReference; lastKnownFileType = wrapper.framework; name = Foundation.framework; path = System/Library/Frameworks/Foundation.framework; sourceTree = SDKROOT; };
		D643F9DE1602D25300584783 /* CoreGraphics.framework */ = {isa = PBXFileReference; lastKnownFileType = wrapper.framework; name = CoreGraphics.framework; path = System/Library/Frameworks/CoreGraphics.framework; sourceTree = SDKROOT; };
		D643F9E21602D25300584783 /* picker-Info.plist */ = {isa = PBXFileReference; lastKnownFileType = text.plist.xml; path = "picker-Info.plist"; sourceTree = "<group>"; };
		D643F9E41602D25300584783 /* en */ = {isa = PBXFileReference; lastKnownFileType = text.plist.strings; name = en; path = en.lproj/InfoPlist.strings; sourceTree = "<group>"; };
		D643F9E61602D25300584783 /* main.m */ = {isa = PBXFileReference; lastKnownFileType = sourcecode.c.objc; path = main.m; sourceTree = "<group>"; };
		D643F9E81602D25300584783 /* picker-Prefix.pch */ = {isa = PBXFileReference; lastKnownFileType = sourcecode.c.h; path = "picker-Prefix.pch"; sourceTree = "<group>"; };
		D643F9E91602D25300584783 /* AppDelegate.h */ = {isa = PBXFileReference; lastKnownFileType = sourcecode.c.h; path = AppDelegate.h; sourceTree = "<group>"; };
		D643F9EA1602D25300584783 /* AppDelegate.m */ = {isa = PBXFileReference; lastKnownFileType = sourcecode.c.objc; path = AppDelegate.m; sourceTree = "<group>"; };
		D643F9EC1602D25300584783 /* ViewController.h */ = {isa = PBXFileReference; lastKnownFileType = sourcecode.c.h; path = ViewController.h; sourceTree = "<group>"; };
		D643F9ED1602D25300584783 /* ViewController.m */ = {isa = PBXFileReference; lastKnownFileType = sourcecode.c.objc; path = ViewController.m; sourceTree = "<group>"; };
		D643F9F01602D25300584783 /* en */ = {isa = PBXFileReference; lastKnownFileType = file.xib; name = en; path = en.lproj/ViewController.xib; sourceTree = "<group>"; };
		D643F9F71602D25300584783 /* pickerTests.octest */ = {isa = PBXFileReference; explicitFileType = wrapper.cfbundle; includeInIndex = 0; path = pickerTests.octest; sourceTree = BUILT_PRODUCTS_DIR; };
		D643F9F81602D25300584783 /* SenTestingKit.framework */ = {isa = PBXFileReference; lastKnownFileType = wrapper.framework; name = SenTestingKit.framework; path = Library/Frameworks/SenTestingKit.framework; sourceTree = DEVELOPER_DIR; };
		D643FA001602D25300584783 /* pickerTests-Info.plist */ = {isa = PBXFileReference; lastKnownFileType = text.plist.xml; path = "pickerTests-Info.plist"; sourceTree = "<group>"; };
		D643FA021602D25300584783 /* en */ = {isa = PBXFileReference; lastKnownFileType = text.plist.strings; name = en; path = en.lproj/InfoPlist.strings; sourceTree = "<group>"; };
		D643FA041602D25300584783 /* pickerTests.h */ = {isa = PBXFileReference; lastKnownFileType = sourcecode.c.h; path = pickerTests.h; sourceTree = "<group>"; };
		D643FA051602D25300584783 /* pickerTests.m */ = {isa = PBXFileReference; lastKnownFileType = sourcecode.c.objc; path = pickerTests.m; sourceTree = "<group>"; };
/* End PBXFileReference section */

/* Begin PBXFrameworksBuildPhase section */
		D643F9D31602D25300584783 /* Frameworks */ = {
			isa = PBXFrameworksBuildPhase;
			buildActionMask = 2147483647;
			files = (
				D643F9DB1602D25300584783 /* UIKit.framework in Frameworks */,
				D643F9DD1602D25300584783 /* Foundation.framework in Frameworks */,
				D643F9DF1602D25300584783 /* CoreGraphics.framework in Frameworks */,
			);
			runOnlyForDeploymentPostprocessing = 0;
		};
		D643F9F31602D25300584783 /* Frameworks */ = {
			isa = PBXFrameworksBuildPhase;
			buildActionMask = 2147483647;
			files = (
				D643F9F91602D25300584783 /* SenTestingKit.framework in Frameworks */,
				D643F9FA1602D25300584783 /* UIKit.framework in Frameworks */,
				D643F9FB1602D25300584783 /* Foundation.framework in Frameworks */,
			);
			runOnlyForDeploymentPostprocessing = 0;
		};
/* End PBXFrameworksBuildPhase section */

/* Begin PBXGroup section */
		D643F9CB1602D25300584783 = {
			isa = PBXGroup;
			children = (
				D643F9E01602D25300584783 /* picker */,
				D643F9FE1602D25300584783 /* pickerTests */,
				D643F9D91602D25300584783 /* Frameworks */,
				D643F9D71602D25300584783 /* Products */,
			);
			sourceTree = "<group>";
		};
		D643F9D71602D25300584783 /* Products */ = {
			isa = PBXGroup;
			children = (
				D643F9D61602D25300584783 /* picker.app */,
				D643F9F71602D25300584783 /* pickerTests.octest */,
			);
			name = Products;
			sourceTree = "<group>";
		};
		D643F9D91602D25300584783 /* Frameworks */ = {
			isa = PBXGroup;
			children = (
				D643F9DA1602D25300584783 /* UIKit.framework */,
				D643F9DC1602D25300584783 /* Foundation.framework */,
				D643F9DE1602D25300584783 /* CoreGraphics.framework */,
				D643F9F81602D25300584783 /* SenTestingKit.framework */,
			);
			name = Frameworks;
			sourceTree = "<group>";
		};
		D643F9E01602D25300584783 /* picker */ = {
			isa = PBXGroup;
			children = (
				D643F9E91602D25300584783 /* AppDelegate.h */,
				D643F9EA1602D25300584783 /* AppDelegate.m */,
				D643F9EC1602D25300584783 /* ViewController.h */,
				D643F9ED1602D25300584783 /* ViewController.m */,
				D643F9EF1602D25300584783 /* ViewController.xib */,
				D643F9E11602D25300584783 /* Supporting Files */,
			);
			path = picker;
			sourceTree = "<group>";
		};
		D643F9E11602D25300584783 /* Supporting Files */ = {
			isa = PBXGroup;
			children = (
				D643F9E21602D25300584783 /* picker-Info.plist */,
				D643F9E31602D25300584783 /* InfoPlist.strings */,
				D643F9E61602D25300584783 /* main.m */,
				D643F9E81602D25300584783 /* picker-Prefix.pch */,
			);
			name = "Supporting Files";
			sourceTree = "<group>";
		};
		D643F9FE1602D25300584783 /* pickerTests */ = {
			isa = PBXGroup;
			children = (
				D643FA041602D25300584783 /* pickerTests.h */,
				D643FA051602D25300584783 /* pickerTests.m */,
				D643F9FF1602D25300584783 /* Supporting Files */,
			);
			path = pickerTests;
			sourceTree = "<group>";
		};
		D643F9FF1602D25300584783 /* Supporting Files */ = {
			isa = PBXGroup;
			children = (
				D643FA001602D25300584783 /* pickerTests-Info.plist */,
				D643FA011602D25300584783 /* InfoPlist.strings */,
			);
			name = "Supporting Files";
			sourceTree = "<group>";
		};
/* End PBXGroup section */

/* Begin PBXNativeTarget section */
		D643F9D51602D25300584783 /* picker */ = {
			isa = PBXNativeTarget;
			buildConfigurationList = D643FA091602D25300584783 /* Build configuration list for PBXNativeTarget "picker" */;
			buildPhases = (
				D643F9D21602D25300584783 /* Sources */,
				D643F9D31602D25300584783 /* Frameworks */,
				D643F9D41602D25300584783 /* Resources */,
			);
			buildRules = (
			);
			dependencies = (
			);
			name = picker;
			productName = picker;
			productReference = D643F9D61602D25300584783 /* picker.app */;
			productType = "com.apple.product-type.application";
		};
		D643F9F61602D25300584783 /* pickerTests */ = {
			isa = PBXNativeTarget;
			buildConfigurationList = D643FA0C1602D25300584783 /* Build configuration list for PBXNativeTarget "pickerTests" */;
			buildPhases = (
				D643F9F21602D25300584783 /* Sources */,
				D643F9F31602D25300584783 /* Frameworks */,
				D643F9F41602D25300584783 /* Resources */,
				D643F9F51602D25300584783 /* ShellScript */,
			);
			buildRules = (
			);
			dependencies = (
				D643F9FD1602D25300584783 /* PBXTargetDependency */,
			);
			name = pickerTests;
			productName = pickerTests;
			productReference = D643F9F71602D25300584783 /* pickerTests.octest */;
			productType = "com.apple.product-type.bundle";
		};
/* End PBXNativeTarget section */

/* Begin PBXProject section */
		D643F9CD1602D25300584783 /* Project object */ = {
			isa = PBXProject;
			attributes = {
				LastUpgradeCheck = 0440;
				ORGANIZATIONNAME = Sylar;
			};
			buildConfigurationList = D643F9D01602D25300584783 /* Build configuration list for PBXProject "picker" */;
			compatibilityVersion = "Xcode 3.2";
			developmentRegion = English;
			hasScannedForEncodings = 0;
			knownRegions = (
				en,
			);
			mainGroup = D643F9CB1602D25300584783;
			productRefGroup = D643F9D71602D25300584783 /* Products */;
			projectDirPath = "";
			projectRoot = "";
			targets = (
				D643F9D51602D25300584783 /* picker */,
				D643F9F61602D25300584783 /* pickerTests */,
			);
		};
/* End PBXProject section */

/* Begin PBXResourcesBuildPhase section */
		D643F9D41602D25300584783 /* Resources */ = {
			isa = PBXResourcesBuildPhase;
			buildActionMask = 2147483647;
			files = (
				D643F9E51602D25300584783 /* InfoPlist.strings in Resources */,
				D643F9F11602D25300584783 /* ViewController.xib in Resources */,
			);
			runOnlyForDeploymentPostprocessing = 0;
		};
		D643F9F41602D25300584783 /* Resources */ = {
			isa = PBXResourcesBuildPhase;
			buildActionMask = 2147483647;
			files = (
				D643FA031602D25300584783 /* InfoPlist.strings in Resources */,
			);
			runOnlyForDeploymentPostprocessing = 0;
		};
/* End PBXResourcesBuildPhase section */

/* Begin PBXShellScriptBuildPhase section */
		D643F9F51602D25300584783 /* ShellScript */ = {
			isa = PBXShellScriptBuildPhase;
			buildActionMask = 2147483647;
			files = (
			);
			inputPaths = (
			);
			outputPaths = (
			);
			runOnlyForDeploymentPostprocessing = 0;
			shellPath = /bin/sh;
			shellScript = "# Run the unit tests in this test bundle.\n\"${SYSTEM_DEVELOPER_DIR}/Tools/RunUnitTests\"\n";
		};
/* End PBXShellScriptBuildPhase section */

/* Begin PBXSourcesBuildPhase section */
		D643F9D21602D25300584783 /* Sources */ = {
			isa = PBXSourcesBuildPhase;
			buildActionMask = 2147483647;
			files = (
				D643F9E71602D25300584783 /* main.m in Sources */,
				D643F9EB1602D25300584783 /* AppDelegate.m in Sources */,
				D643F9EE1602D25300584783 /* ViewController.m in Sources */,
			);
			runOnlyForDeploymentPostprocessing = 0;
		};
		D643F9F21602D25300584783 /* Sources */ = {
			isa = PBXSourcesBuildPhase;
			buildActionMask = 2147483647;
			files = (
				D643FA061602D25300584783 /* pickerTests.m in Sources */,
			);
			runOnlyForDeploymentPostprocessing = 0;
		};
/* End PBXSourcesBuildPhase section */

/* Begin PBXTargetDependency section */
		D643F9FD1602D25300584783 /* PBXTargetDependency */ = {
			isa = PBXTargetDependency;
			target = D643F9D51602D25300584783 /* picker */;
			targetProxy = D643F9FC1602D25300584783 /* PBXContainerItemProxy */;
		};
/* End PBXTargetDependency section */

/* Begin PBXVariantGroup section */
		D643F9E31602D25300584783 /* InfoPlist.strings */ = {
			isa = PBXVariantGroup;
			children = (
				D643F9E41602D25300584783 /* en */,
			);
			name = InfoPlist.strings;
			sourceTree = "<group>";
		};
		D643F9EF1602D25300584783 /* ViewController.xib */ = {
			isa = PBXVariantGroup;
			children = (
				D643F9F01602D25300584783 /* en */,
			);
			name = ViewController.xib;
			sourceTree = "<group>";
		};
		D643FA011602D25300584783 /* InfoPlist.strings */ = {
			isa = PBXVariantGroup;
			children = (
				D643FA021602D25300584783 /* en */,
			);
			name = InfoPlist.strings;
			sourceTree = "<group>";
		};
/* End PBXVariantGroup section */

/* Begin XCBuildConfiguration section */
		D643FA071602D25300584783 /* Debug */ = {
			isa = XCBuildConfiguration;
			buildSettings = {
				ALWAYS_SEARCH_USER_PATHS = NO;
				ARCHS = "$(ARCHS_STANDARD_32_BIT)";
				CLANG_CXX_LANGUAGE_STANDARD = "gnu++0x";
				CLANG_WARN__DUPLICATE_METHOD_MATCH = YES;
				"CODE_SIGN_IDENTITY[sdk=iphoneos*]" = "iPhone Developer";
				COPY_PHASE_STRIP = NO;
				GCC_C_LANGUAGE_STANDARD = gnu99;
				GCC_DYNAMIC_NO_PIC = NO;
				GCC_OPTIMIZATION_LEVEL = 0;
				GCC_PREPROCESSOR_DEFINITIONS = (
					"DEBUG=1",
					"$(inherited)",
				);
				GCC_SYMBOLS_PRIVATE_EXTERN = NO;
				GCC_VERSION = com.apple.compilers.llvm.clang.1_0;
				GCC_WARN_ABOUT_RETURN_TYPE = YES;
				GCC_WARN_UNINITIALIZED_AUTOS = YES;
				GCC_WARN_UNUSED_VARIABLE = YES;
				IPHONEOS_DEPLOYMENT_TARGET = 5.1;
				SDKROOT = iphoneos;
			};
			name = Debug;
		};
		D643FA081602D25300584783 /* Release */ = {
			isa = XCBuildConfiguration;
			buildSettings = {
				ALWAYS_SEARCH_USER_PATHS = NO;
				ARCHS = "$(ARCHS_STANDARD_32_BIT)";
				CLANG_CXX_LANGUAGE_STANDARD = "gnu++0x";
				CLANG_WARN__DUPLICATE_METHOD_MATCH = YES;
				"CODE_SIGN_IDENTITY[sdk=iphoneos*]" = "iPhone Developer";
				COPY_PHASE_STRIP = YES;
				GCC_C_LANGUAGE_STANDARD = gnu99;
				GCC_VERSION = com.apple.compilers.llvm.clang.1_0;
				GCC_WARN_ABOUT_RETURN_TYPE = YES;
				GCC_WARN_UNINITIALIZED_AUTOS = YES;
				GCC_WARN_UNUSED_VARIABLE = YES;
				IPHONEOS_DEPLOYMENT_TARGET = 5.1;
				OTHER_CFLAGS = "-DNS_BLOCK_ASSERTIONS=1";
				SDKROOT = iphoneos;
				VALIDATE_PRODUCT = YES;
			};
			name = Release;
		};
		D643FA0A1602D25300584783 /* Debug */ = {
			isa = XCBuildConfiguration;
			buildSettings = {
				GCC_PRECOMPILE_PREFIX_HEADER = YES;
				GCC_PREFIX_HEADER = "picker/picker-Prefix.pch";
				INFOPLIST_FILE = "picker/picker-Info.plist";
				PRODUCT_NAME = "$(TARGET_NAME)";
				WRAPPER_EXTENSION = app;
			};
			name = Debug;
		};
		D643FA0B1602D25300584783 /* Release */ = {
			isa = XCBuildConfiguration;
			buildSettings = {
				GCC_PRECOMPILE_PREFIX_HEADER = YES;
				GCC_PREFIX_HEADER = "picker/picker-Prefix.pch";
				INFOPLIST_FILE = "picker/picker-Info.plist";
				PRODUCT_NAME = "$(TARGET_NAME)";
				WRAPPER_EXTENSION = app;
			};
			name = Release;
		};
		D643FA0D1602D25300584783 /* Debug */ = {
			isa = XCBuildConfiguration;
			buildSettings = {
				BUNDLE_LOADER = "$(BUILT_PRODUCTS_DIR)/picker.app/picker";
				FRAMEWORK_SEARCH_PATHS = (
					"\"$(SDKROOT)/Developer/Library/Frameworks\"",
					"\"$(DEVELOPER_LIBRARY_DIR)/Frameworks\"",
				);
				GCC_PRECOMPILE_PREFIX_HEADER = YES;
				GCC_PREFIX_HEADER = "picker/picker-Prefix.pch";
				INFOPLIST_FILE = "pickerTests/pickerTests-Info.plist";
				PRODUCT_NAME = "$(TARGET_NAME)";
				TEST_HOST = "$(BUNDLE_LOADER)";
				WRAPPER_EXTENSION = octest;
			};
			name = Debug;
		};
		D643FA0E1602D25300584783 /* Release */ = {
			isa = XCBuildConfiguration;
			buildSettings = {
				BUNDLE_LOADER = "$(BUILT_PRODUCTS_DIR)/picker.app/picker";
				FRAMEWORK_SEARCH_PATHS = (
					"\"$(SDKROOT)/Developer/Library/Frameworks\"",
					"\"$(DEVELOPER_LIBRARY_DIR)/Frameworks\"",
				);
				GCC_PRECOMPILE_PREFIX_HEADER = YES;
				GCC_PREFIX_HEADER = "picker/picker-Prefix.pch";
				INFOPLIST_FILE = "pickerTests/pickerTests-Info.plist";
				PRODUCT_NAME = "$(TARGET_NAME)";
				TEST_HOST = "$(BUNDLE_LOADER)";
				WRAPPER_EXTENSION = octest;
			};
			name = Release;
		};
/* End XCBuildConfiguration section */

/* Begin XCConfigurationList section */
		D643F9D01602D25300584783 /* Build configuration list for PBXProject "picker" */ = {
			isa = XCConfigurationList;
			buildConfigurations = (
				D643FA071602D25300584783 /* Debug */,
				D643FA081602D25300584783 /* Release */,
			);
			defaultConfigurationIsVisible = 0;
			defaultConfigurationName = Release;
		};
		D643FA091602D25300584783 /* Build configuration list for PBXNativeTarget "picker" */ = {
			isa = XCConfigurationList;
			buildConfigurations = (
				D643FA0A1602D25300584783 /* Debug */,
				D643FA0B1602D25300584783 /* Release */,
			);
			defaultConfigurationIsVisible = 0;
		};
		D643FA0C1602D25300584783 /* Build configuration list for PBXNativeTarget "pickerTests" */ = {
			isa = XCConfigurationList;
			buildConfigurations = (
				D643FA0D1602D25300584783 /* Debug */,
				D643FA0E1602D25300584783 /* Release */,
			);
			defaultConfigurationIsVisible = 0;
		};
/* End XCConfigurationList section */
	};
	rootObject = D643F9CD1602D25300584783 /* Project object */;
}
